
Microsoft Visual Studio Solution File, Format Version 12.00
# Visual Studio 15
VisualStudioVersion = 15.0.28307.645
MinimumVisualStudioVersion = 10.0.40219.1
Project("{FAE04EC0-301F-11D3-BF4B-00C04F79EFBC}") = "ExtendedMethods", "ExtendedMethods\ExtendedMethods.csproj", "{74280A81-1864-4AA4-A7E7-80EE1D299A5E}"
EndProject
Project("{FAE04EC0-301F-11D3-BF4B-00C04F79EFBC}") = "ExtensionUnitTest", "ExtensionUnitTest\ExtensionUnitTest.csproj", "{E9E012FA-72AD-4B98-A39D-8DC8B2EE30A2}"
EndProject
Global
	GlobalSection(SolutionConfigurationPlatforms) = preSolution
		Debug|Any CPU = Debug|Any CPU
		Release|Any CPU = Release|Any CPU
	EndGlobalSection
	GlobalSection(ProjectConfigurationPlatforms) = postSolution
		{74280A81-1864-4AA4-A7E7-80EE1D299A5E}.Debug|Any CPU.ActiveCfg = Debug|Any CPU
		{74280A81-1864-4AA4-A7E7-80EE1D299A5E}.Debug|Any CPU.Build.0 = Debug|Any CPU
		{74280A81-1864-4AA4-A7E7-80EE1D299A5E}.Release|Any CPU.ActiveCfg = Release|Any CPU
		{74280A81-1864-4AA4-A7E7-80EE1D299A5E}.Release|Any CPU.Build.0 = Release|Any CPU
		{E9E012FA-72AD-4B98-A39D-8DC8B2EE30A2}.Debug|Any CPU.ActiveCfg = Debug|Any CPU
		{E9E012FA-72AD-4B98-A39D-8DC8B2EE30A2}.Debug|Any CPU.Build.0 = Debug|Any CPU
		{E9E012FA-72AD-4B98-A39D-8DC8B2EE30A2}.Release|Any CPU.ActiveCfg = Release|Any CPU
		{E9E012FA-72AD-4B98-A39D-8DC8B2EE30A2}.Release|Any CPU.Build.0 = Release|Any CPU
	EndGlobalSection
	GlobalSection(SolutionProperties) = preSolution
		HideSolutionNode = FALSE
	EndGlobalSection
	GlobalSection(ExtensibilityGlobals) = postSolution
		SolutionGuid = {6CB85FDC-2C95-43EA-941C-C8F3E02DCEA4}
	EndGlobalSection
EndGlobal
